
Microsoft Visual Studio Solution File, Format Version 12.00
# Visual Studio Version 17
VisualStudioVersion = 17.4.33103.184
MinimumVisualStudioVersion = 10.0.40219.1
Project("{9A19103F-16F7-4668-BE54-9A1E7A4F7556}") = "InMemoryApp.Web", "InMemory.Web\InMemoryApp.Web.csproj", "{A2C30B68-92C2-488C-8EE6-F265344F4CA1}"
EndProject
Project("{9A19103F-16F7-4668-BE54-9A1E7A4F7556}") = "IDistributedCacheRedisApp.Web", "IDistributedCacheRedisApp.Web\IDistributedCacheRedisApp.Web.csproj", "{6FA786FF-23FA-4DEC-8C5D-5B3CD50D29DD}"
EndProject
Project("{9A19103F-16F7-4668-BE54-9A1E7A4F7556}") = "RedisExchangeAPI.Web", "RedisExchangeAPI.Web\RedisExchangeAPI.Web.csproj", "{93BB155D-896C-4707-91DF-B71AAEADDBC1}"
EndProject
Project("{FAE04EC0-301F-11D3-BF4B-00C04F79EFBC}") = "RedisExampleApp.API", "RedisExampleApp.API\RedisExampleApp.API.csproj", "{C2E661C6-973E-4A83-8B6F-00C711E4E328}"
EndProject
Global
	GlobalSection(SolutionConfigurationPlatforms) = preSolution
		Debug|Any CPU = Debug|Any CPU
		Release|Any CPU = Release|Any CPU
	EndGlobalSection
	GlobalSection(ProjectConfigurationPlatforms) = postSolution
		{A2C30B68-92C2-488C-8EE6-F265344F4CA1}.Debug|Any CPU.ActiveCfg = Debug|Any CPU
		{A2C30B68-92C2-488C-8EE6-F265344F4CA1}.Debug|Any CPU.Build.0 = Debug|Any CPU
		{A2C30B68-92C2-488C-8EE6-F265344F4CA1}.Release|Any CPU.ActiveCfg = Release|Any CPU
		{A2C30B68-92C2-488C-8EE6-F265344F4CA1}.Release|Any CPU.Build.0 = Release|Any CPU
		{6FA786FF-23FA-4DEC-8C5D-5B3CD50D29DD}.Debug|Any CPU.ActiveCfg = Debug|Any CPU
		{6FA786FF-23FA-4DEC-8C5D-5B3CD50D29DD}.Debug|Any CPU.Build.0 = Debug|Any CPU
		{6FA786FF-23FA-4DEC-8C5D-5B3CD50D29DD}.Release|Any CPU.ActiveCfg = Release|Any CPU
		{6FA786FF-23FA-4DEC-8C5D-5B3CD50D29DD}.Release|Any CPU.Build.0 = Release|Any CPU
		{93BB155D-896C-4707-91DF-B71AAEADDBC1}.Debug|Any CPU.ActiveCfg = Debug|Any CPU
		{93BB155D-896C-4707-91DF-B71AAEADDBC1}.Debug|Any CPU.Build.0 = Debug|Any CPU
		{93BB155D-896C-4707-91DF-B71AAEADDBC1}.Release|Any CPU.ActiveCfg = Release|Any CPU
		{93BB155D-896C-4707-91DF-B71AAEADDBC1}.Release|Any CPU.Build.0 = Release|Any CPU
		{C2E661C6-973E-4A83-8B6F-00C711E4E328}.Debug|Any CPU.ActiveCfg = Debug|Any CPU
		{C2E661C6-973E-4A83-8B6F-00C711E4E328}.Debug|Any CPU.Build.0 = Debug|Any CPU
		{C2E661C6-973E-4A83-8B6F-00C711E4E328}.Release|Any CPU.ActiveCfg = Release|Any CPU
		{C2E661C6-973E-4A83-8B6F-00C711E4E328}.Release|Any CPU.Build.0 = Release|Any CPU
	EndGlobalSection
	GlobalSection(SolutionProperties) = preSolution
		HideSolutionNode = FALSE
	EndGlobalSection
	GlobalSection(ExtensibilityGlobals) = postSolution
		SolutionGuid = {2F7D9616-23D3-4226-905E-0CBB7B1559D9}
	EndGlobalSection
EndGlobal
